
Microsoft Visual Studio Solution File, Format Version 12.00
# Visual Studio Version 17
VisualStudioVersion = 17.14.36717.8 d17.14
MinimumVisualStudioVersion = 10.0.40219.1
Project("{FAE04EC0-301F-11D3-BF4B-00C04F79EFBC}") = "zkD365tryout", "zkD365tryout.csproj", "{41F13C56-D65C-4CA6-B8E6-57E1825A39F6}"
	ProjectSection(ProjectDependencies) = postProject
		{FF0D5A00-4988-4FB3-8965-CE6126029C97} = {FF0D5A00-4988-4FB3-8965-CE6126029C97}
	EndProjectSection
EndProject
Project("{FAE04EC0-301F-11D3-BF4B-00C04F79EFBC}") = "zkD365tryout.infrastructure", "..\zkD365tryout.infrastructure\zkD365tryout.infrastructure.csproj", "{FF0D5A00-4988-4FB3-8965-CE6126029C97}"
EndProject
Global
	GlobalSection(SolutionConfigurationPlatforms) = preSolution
		Debug|Any CPU = Debug|Any CPU
		Release|Any CPU = Release|Any CPU
	EndGlobalSection
	GlobalSection(ProjectConfigurationPlatforms) = postSolution
		{41F13C56-D65C-4CA6-B8E6-57E1825A39F6}.Debug|Any CPU.ActiveCfg = Debug|Any CPU
		{41F13C56-D65C-4CA6-B8E6-57E1825A39F6}.Debug|Any CPU.Build.0 = Debug|Any CPU
		{41F13C56-D65C-4CA6-B8E6-57E1825A39F6}.Release|Any CPU.ActiveCfg = Release|Any CPU
		{41F13C56-D65C-4CA6-B8E6-57E1825A39F6}.Release|Any CPU.Build.0 = Release|Any CPU
		{FF0D5A00-4988-4FB3-8965-CE6126029C97}.Debug|Any CPU.ActiveCfg = Debug|Any CPU
		{FF0D5A00-4988-4FB3-8965-CE6126029C97}.Debug|Any CPU.Build.0 = Debug|Any CPU
		{FF0D5A00-4988-4FB3-8965-CE6126029C97}.Release|Any CPU.ActiveCfg = Release|Any CPU
		{FF0D5A00-4988-4FB3-8965-CE6126029C97}.Release|Any CPU.Build.0 = Release|Any CPU
	EndGlobalSection
	GlobalSection(SolutionProperties) = preSolution
		HideSolutionNode = FALSE
	EndGlobalSection
	GlobalSection(ExtensibilityGlobals) = postSolution
		SolutionGuid = {E2BFCDDB-D9E4-443E-A828-38A45AD9EFA4}
	EndGlobalSection
EndGlobal
